
Microsoft Visual Studio Solution File, Format Version 12.00
# Visual Studio Version 17
VisualStudioVersion = 17.0.31903.59
MinimumVisualStudioVersion = 10.0.40219.1
Project("{9A19103F-16F7-4668-BE54-9A1E7A4F7556}") = "FixCondominioBackEnd", "FixCondominioBackEnd\FixCondominioBackEnd.csproj", "{F85D5B60-4929-434F-BDC5-F988218A448C}"
EndProject
Global
	GlobalSection(SolutionConfigurationPlatforms) = preSolution
		Debug|Any CPU = Debug|Any CPU
		Release|Any CPU = Release|Any CPU
	EndGlobalSection
	GlobalSection(ProjectConfigurationPlatforms) = postSolution
		{F85D5B60-4929-434F-BDC5-F988218A448C}.Debug|Any CPU.ActiveCfg = Debug|Any CPU
		{F85D5B60-4929-434F-BDC5-F988218A448C}.Debug|Any CPU.Build.0 = Debug|Any CPU
		{F85D5B60-4929-434F-BDC5-F988218A448C}.Release|Any CPU.ActiveCfg = Release|Any CPU
		{F85D5B60-4929-434F-BDC5-F988218A448C}.Release|Any CPU.Build.0 = Release|Any CPU
	EndGlobalSection
	GlobalSection(SolutionProperties) = preSolution
		HideSolutionNode = FALSE
	EndGlobalSection
	GlobalSection(ExtensibilityGlobals) = postSolution
		SolutionGuid = {6199EA39-2E4B-410E-B413-5EA7BE281D6A}
	EndGlobalSection
EndGlobal
